
Microsoft Visual Studio Solution File, Format Version 12.00
# Visual Studio Version 17
VisualStudioVersion = 17.12.35506.116
MinimumVisualStudioVersion = 10.0.40219.1
Project("{FAE04EC0-301F-11D3-BF4B-00C04F79EFBC}") = "Clogger.Api", "Clogger.Api\Clogger.Api.csproj", "{D4D8C514-FD1F-4F68-A748-434DD6E7D1F6}"
EndProject
Project("{FAE04EC0-301F-11D3-BF4B-00C04F79EFBC}") = "Clogger.Domain", "Clogger.Domain\Clogger.Domain.csproj", "{AAB4361D-2EE5-4F07-A17B-E1D4DF42D2F4}"
EndProject
Global
	GlobalSection(SolutionConfigurationPlatforms) = preSolution
		Debug|Any CPU = Debug|Any CPU
		Release|Any CPU = Release|Any CPU
	EndGlobalSection
	GlobalSection(ProjectConfigurationPlatforms) = postSolution
		{D4D8C514-FD1F-4F68-A748-434DD6E7D1F6}.Debug|Any CPU.ActiveCfg = Debug|Any CPU
		{D4D8C514-FD1F-4F68-A748-434DD6E7D1F6}.Debug|Any CPU.Build.0 = Debug|Any CPU
		{D4D8C514-FD1F-4F68-A748-434DD6E7D1F6}.Release|Any CPU.ActiveCfg = Release|Any CPU
		{D4D8C514-FD1F-4F68-A748-434DD6E7D1F6}.Release|Any CPU.Build.0 = Release|Any CPU
		{AAB4361D-2EE5-4F07-A17B-E1D4DF42D2F4}.Debug|Any CPU.ActiveCfg = Debug|Any CPU
		{AAB4361D-2EE5-4F07-A17B-E1D4DF42D2F4}.Debug|Any CPU.Build.0 = Debug|Any CPU
		{AAB4361D-2EE5-4F07-A17B-E1D4DF42D2F4}.Release|Any CPU.ActiveCfg = Release|Any CPU
		{AAB4361D-2EE5-4F07-A17B-E1D4DF42D2F4}.Release|Any CPU.Build.0 = Release|Any CPU
	EndGlobalSection
	GlobalSection(SolutionProperties) = preSolution
		HideSolutionNode = FALSE
	EndGlobalSection
EndGlobal
